
Microsoft Visual Studio Solution File, Format Version 12.00
# Visual Studio 15
VisualStudioVersion = 15.0.27703.2000
MinimumVisualStudioVersion = 10.0.40219.1
Project("{FAE04EC0-301F-11D3-BF4B-00C04F79EFBC}") = "DiscountConsole", "DiscountConsole\DiscountConsole.csproj", "{20BB11DB-2CB3-4A4C-866E-E2943695D60B}"
EndProject
Project("{FAE04EC0-301F-11D3-BF4B-00C04F79EFBC}") = "Discount", "DiscountLibrary\Discount.csproj", "{C0FE1935-5C41-4C6A-B036-1E04E47756B7}"
EndProject
Project("{FAE04EC0-301F-11D3-BF4B-00C04F79EFBC}") = "DiscountForms", "DiscountForms\DiscountForms.csproj", "{1A5EC433-C342-4808-B17F-975A53534734}"
EndProject
Global
	GlobalSection(SolutionConfigurationPlatforms) = preSolution
		Debug|Any CPU = Debug|Any CPU
		Debug|ARM = Debug|ARM
		Debug|x64 = Debug|x64
		Debug|x86 = Debug|x86
		Release|Any CPU = Release|Any CPU
		Release|ARM = Release|ARM
		Release|x64 = Release|x64
		Release|x86 = Release|x86
	EndGlobalSection
	GlobalSection(ProjectConfigurationPlatforms) = postSolution
		{20BB11DB-2CB3-4A4C-866E-E2943695D60B}.Debug|Any CPU.ActiveCfg = Debug|Any CPU
		{20BB11DB-2CB3-4A4C-866E-E2943695D60B}.Debug|Any CPU.Build.0 = Debug|Any CPU
		{20BB11DB-2CB3-4A4C-866E-E2943695D60B}.Debug|ARM.ActiveCfg = Debug|Any CPU
		{20BB11DB-2CB3-4A4C-866E-E2943695D60B}.Debug|ARM.Build.0 = Debug|Any CPU
		{20BB11DB-2CB3-4A4C-866E-E2943695D60B}.Debug|x64.ActiveCfg = Debug|Any CPU
		{20BB11DB-2CB3-4A4C-866E-E2943695D60B}.Debug|x64.Build.0 = Debug|Any CPU
		{20BB11DB-2CB3-4A4C-866E-E2943695D60B}.Debug|x86.ActiveCfg = Debug|Any CPU
		{20BB11DB-2CB3-4A4C-866E-E2943695D60B}.Debug|x86.Build.0 = Debug|Any CPU
		{20BB11DB-2CB3-4A4C-866E-E2943695D60B}.Release|Any CPU.ActiveCfg = Release|Any CPU
		{20BB11DB-2CB3-4A4C-866E-E2943695D60B}.Release|Any CPU.Build.0 = Release|Any CPU
		{20BB11DB-2CB3-4A4C-866E-E2943695D60B}.Release|ARM.ActiveCfg = Release|Any CPU
		{20BB11DB-2CB3-4A4C-866E-E2943695D60B}.Release|ARM.Build.0 = Release|Any CPU
		{20BB11DB-2CB3-4A4C-866E-E2943695D60B}.Release|x64.ActiveCfg = Release|Any CPU
		{20BB11DB-2CB3-4A4C-866E-E2943695D60B}.Release|x64.Build.0 = Release|Any CPU
		{20BB11DB-2CB3-4A4C-866E-E2943695D60B}.Release|x86.ActiveCfg = Release|Any CPU
		{20BB11DB-2CB3-4A4C-866E-E2943695D60B}.Release|x86.Build.0 = Release|Any CPU
		{C0FE1935-5C41-4C6A-B036-1E04E47756B7}.Debug|Any CPU.ActiveCfg = Debug|Any CPU
		{C0FE1935-5C41-4C6A-B036-1E04E47756B7}.Debug|Any CPU.Build.0 = Debug|Any CPU
		{C0FE1935-5C41-4C6A-B036-1E04E47756B7}.Debug|ARM.ActiveCfg = Debug|Any CPU
		{C0FE1935-5C41-4C6A-B036-1E04E47756B7}.Debug|ARM.Build.0 = Debug|Any CPU
		{C0FE1935-5C41-4C6A-B036-1E04E47756B7}.Debug|x64.ActiveCfg = Debug|Any CPU
		{C0FE1935-5C41-4C6A-B036-1E04E47756B7}.Debug|x64.Build.0 = Debug|Any CPU
		{C0FE1935-5C41-4C6A-B036-1E04E47756B7}.Debug|x86.ActiveCfg = Debug|Any CPU
		{C0FE1935-5C41-4C6A-B036-1E04E47756B7}.Debug|x86.Build.0 = Debug|Any CPU
		{C0FE1935-5C41-4C6A-B036-1E04E47756B7}.Release|Any CPU.ActiveCfg = Release|Any CPU
		{C0FE1935-5C41-4C6A-B036-1E04E47756B7}.Release|Any CPU.Build.0 = Release|Any CPU
		{C0FE1935-5C41-4C6A-B036-1E04E47756B7}.Release|ARM.ActiveCfg = Release|Any CPU
		{C0FE1935-5C41-4C6A-B036-1E04E47756B7}.Release|ARM.Build.0 = Release|Any CPU
		{C0FE1935-5C41-4C6A-B036-1E04E47756B7}.Release|x64.ActiveCfg = Release|Any CPU
		{C0FE1935-5C41-4C6A-B036-1E04E47756B7}.Release|x64.Build.0 = Release|Any CPU
		{C0FE1935-5C41-4C6A-B036-1E04E47756B7}.Release|x86.ActiveCfg = Release|Any CPU
		{C0FE1935-5C41-4C6A-B036-1E04E47756B7}.Release|x86.Build.0 = Release|Any CPU
		{1A5EC433-C342-4808-B17F-975A53534734}.Debug|Any CPU.ActiveCfg = Debug|Any CPU
		{1A5EC433-C342-4808-B17F-975A53534734}.Debug|Any CPU.Build.0 = Debug|Any CPU
		{1A5EC433-C342-4808-B17F-975A53534734}.Debug|ARM.ActiveCfg = Debug|Any CPU
		{1A5EC433-C342-4808-B17F-975A53534734}.Debug|ARM.Build.0 = Debug|Any CPU
		{1A5EC433-C342-4808-B17F-975A53534734}.Debug|x64.ActiveCfg = Debug|Any CPU
		{1A5EC433-C342-4808-B17F-975A53534734}.Debug|x64.Build.0 = Debug|Any CPU
		{1A5EC433-C342-4808-B17F-975A53534734}.Debug|x86.ActiveCfg = Debug|Any CPU
		{1A5EC433-C342-4808-B17F-975A53534734}.Debug|x86.Build.0 = Debug|Any CPU
		{1A5EC433-C342-4808-B17F-975A53534734}.Release|Any CPU.ActiveCfg = Release|Any CPU
		{1A5EC433-C342-4808-B17F-975A53534734}.Release|Any CPU.Build.0 = Release|Any CPU
		{1A5EC433-C342-4808-B17F-975A53534734}.Release|ARM.ActiveCfg = Release|Any CPU
		{1A5EC433-C342-4808-B17F-975A53534734}.Release|ARM.Build.0 = Release|Any CPU
		{1A5EC433-C342-4808-B17F-975A53534734}.Release|x64.ActiveCfg = Release|Any CPU
		{1A5EC433-C342-4808-B17F-975A53534734}.Release|x64.Build.0 = Release|Any CPU
		{1A5EC433-C342-4808-B17F-975A53534734}.Release|x86.ActiveCfg = Release|Any CPU
		{1A5EC433-C342-4808-B17F-975A53534734}.Release|x86.Build.0 = Release|Any CPU
	EndGlobalSection
	GlobalSection(SolutionProperties) = preSolution
		HideSolutionNode = FALSE
	EndGlobalSection
	GlobalSection(ExtensibilityGlobals) = postSolution
		SolutionGuid = {AA514C14-2CAA-4957-AA52-FD1ACECD20F9}
	EndGlobalSection
EndGlobal
